
Microsoft Visual Studio Solution File, Format Version 12.00
# Visual Studio Version 16
VisualStudioVersion = 16.0.30114.105
MinimumVisualStudioVersion = 10.0.40219.1
Project("{FAE04EC0-301F-11D3-BF4B-00C04F79EFBC}") = "DepthTracker", "src\DepthTracker\DepthTracker.csproj", "{AD15C7D7-F633-44F4-BA9D-65C0276A2472}"
EndProject
Project("{FAE04EC0-301F-11D3-BF4B-00C04F79EFBC}") = "DepthTracker.Tests", "test\DepthTracker.Tests\DepthTracker.Tests.csproj", "{1A54C86A-CE24-4BFC-9026-CE2C9061ED43}"
EndProject
Global
	GlobalSection(SolutionConfigurationPlatforms) = preSolution
		Debug|Any CPU = Debug|Any CPU
		Release|Any CPU = Release|Any CPU
	EndGlobalSection
	GlobalSection(SolutionProperties) = preSolution
		HideSolutionNode = FALSE
	EndGlobalSection
	GlobalSection(ProjectConfigurationPlatforms) = postSolution
		{AD15C7D7-F633-44F4-BA9D-65C0276A2472}.Debug|Any CPU.ActiveCfg = Debug|Any CPU
		{AD15C7D7-F633-44F4-BA9D-65C0276A2472}.Debug|Any CPU.Build.0 = Debug|Any CPU
		{AD15C7D7-F633-44F4-BA9D-65C0276A2472}.Release|Any CPU.ActiveCfg = Release|Any CPU
		{AD15C7D7-F633-44F4-BA9D-65C0276A2472}.Release|Any CPU.Build.0 = Release|Any CPU
		{1A54C86A-CE24-4BFC-9026-CE2C9061ED43}.Debug|Any CPU.ActiveCfg = Debug|Any CPU
		{1A54C86A-CE24-4BFC-9026-CE2C9061ED43}.Debug|Any CPU.Build.0 = Debug|Any CPU
		{1A54C86A-CE24-4BFC-9026-CE2C9061ED43}.Release|Any CPU.ActiveCfg = Release|Any CPU
		{1A54C86A-CE24-4BFC-9026-CE2C9061ED43}.Release|Any CPU.Build.0 = Release|Any CPU
	EndGlobalSection
EndGlobal
